github.com/monojitbarua/go-util-lib v0.0.0-20221015173240-9b25ffb64bcb h1:5RShKchrC1QvCXgISHlvJcY/oaCcXSzHWhXE2Yu3KS4=
github.com/monojitbarua/go-util-lib v0.0.0-20221015173240-9b25ffb64bcb/go.mod h1:RNmcV/wiLA2Ix9LNZNsCXMkrgVZM714D5Qh6Pgq0fdQ=
github.com/monojitbarua/go-util-lib v0.0.0-20221015174200-0d5b4b402b20 h1:Ahr0Qq0j7zt+L35JkjsxZs7jxKR8RTMjUNYa90CUa0w=
github.com/monojitbarua/go-util-lib v0.0.0-20221015174200-0d5b4b402b20/go.mod h1:RNmcV/wiLA2Ix9LNZNsCXMkrgVZM714D5Qh6Pgq0fdQ=
